{
  "version": 4,
  "terraform_version": "1.3.9",
  "serial": 25,
  "lineage": "88c27e66-adad-36a3-2472-47906451d43c",
  "outputs": {
    "kubernetes_cluster_host": {
      "value": "34.123.198.199",
      "type": "string"
    },
    "kubernetes_cluster_name": {
      "value": "kbe-rest-brewery-gke",
      "type": "string"
    },
    "project_id": {
      "value": "kbe-rest-brewery",
      "type": "string"
    },
    "region": {
      "value": "us-central1",
      "type": "string"
    }
  },
  "resources": [
    {
      "mode": "managed",
      "type": "google_compute_network",
      "name": "vpc",
      "provider": "provider[\"registry.terraform.io/hashicorp/google\"]",
      "instances": [
        {
          "schema_version": 0,
          "attributes": {
            "auto_create_subnetworks": false,
            "delete_default_routes_on_create": false,
            "description": "",
            "enable_ula_internal_ipv6": false,
            "gateway_ipv4": "",
            "id": "projects/kbe-rest-brewery/global/networks/kbe-rest-brewery-vpc",
            "internal_ipv6_range": "",
            "mtu": 0,
            "name": "kbe-rest-brewery-vpc",
            "project": "kbe-rest-brewery",
            "routing_mode": "REGIONAL",
            "self_link": "https://www.googleapis.com/compute/v1/projects/kbe-rest-brewery/global/networks/kbe-rest-brewery-vpc",
            "timeouts": null
          },
          "sensitive_attributes": [],
          "private": "eyJlMmJmYjczMC1lY2FhLTExZTYtOGY4OC0zNDM2M2JjN2M0YzAiOnsiY3JlYXRlIjoxMjAwMDAwMDAwMDAwLCJkZWxldGUiOjEyMDAwMDAwMDAwMDAsInVwZGF0ZSI6MTIwMDAwMDAwMDAwMH19"
        }
      ]
    },
    {
      "mode": "managed",
      "type": "google_compute_subnetwork",
      "name": "subnet",
      "provider": "provider[\"registry.terraform.io/hashicorp/google\"]",
      "instances": [
        {
          "schema_version": 0,
          "attributes": {
            "creation_timestamp": "2023-06-21T02:47:54.592-07:00",
            "description": "",
            "external_ipv6_prefix": "",
            "fingerprint": null,
            "gateway_address": "10.10.0.1",
            "id": "projects/kbe-rest-brewery/regions/us-central1/subnetworks/kbe-rest-brewery-subnet",
            "ip_cidr_range": "10.10.0.0/24",
            "ipv6_access_type": "",
            "ipv6_cidr_range": "",
            "log_config": [],
            "name": "kbe-rest-brewery-subnet",
            "network": "https://www.googleapis.com/compute/v1/projects/kbe-rest-brewery/global/networks/kbe-rest-brewery-vpc",
            "private_ip_google_access": false,
            "private_ipv6_google_access": "DISABLE_GOOGLE_ACCESS",
            "project": "kbe-rest-brewery",
            "purpose": "PRIVATE",
            "region": "us-central1",
            "role": "",
            "secondary_ip_range": [],
            "self_link": "https://www.googleapis.com/compute/v1/projects/kbe-rest-brewery/regions/us-central1/subnetworks/kbe-rest-brewery-subnet",
            "stack_type": "IPV4_ONLY",
            "timeouts": null
          },
          "sensitive_attributes": [],
          "private": "eyJlMmJmYjczMC1lY2FhLTExZTYtOGY4OC0zNDM2M2JjN2M0YzAiOnsiY3JlYXRlIjoxMjAwMDAwMDAwMDAwLCJkZWxldGUiOjEyMDAwMDAwMDAwMDAsInVwZGF0ZSI6MTIwMDAwMDAwMDAwMH19",
          "dependencies": [
            "google_compute_network.vpc"
          ]
        }
      ]
    },
    {
      "mode": "managed",
      "type": "google_container_cluster",
      "name": "primary",
      "provider": "provider[\"registry.terraform.io/hashicorp/google\"]",
      "instances": [
        {
          "schema_version": 1,
          "attributes": {
            "addons_config": [
              {
                "cloudrun_config": [],
                "gcp_filestore_csi_driver_config": [],
                "horizontal_pod_autoscaling": [],
                "http_load_balancing": [],
                "network_policy_config": [
                  {
                    "disabled": true
                  }
                ]
              }
            ],
            "authenticator_groups_config": [],
            "cluster_autoscaling": [
              {
                "auto_provisioning_defaults": [],
                "enabled": false,
                "resource_limits": []
              }
            ],
            "cluster_ipv4_cidr": "10.48.0.0/14",
            "confidential_nodes": [],
            "database_encryption": [
              {
                "key_name": "",
                "state": "DECRYPTED"
              }
            ],
            "datapath_provider": "",
            "default_max_pods_per_node": null,
            "default_snat_status": [
              {
                "disabled": false
              }
            ],
            "description": "",
            "dns_config": [],
            "enable_autopilot": false,
            "enable_binary_authorization": false,
            "enable_intranode_visibility": false,
            "enable_kubernetes_alpha": false,
            "enable_legacy_abac": false,
            "enable_shielded_nodes": true,
            "enable_tpu": false,
            "endpoint": "34.123.198.199",
            "id": "projects/kbe-rest-brewery/locations/us-central1/clusters/kbe-rest-brewery-gke",
            "initial_node_count": 1,
            "ip_allocation_policy": [],
            "label_fingerprint": "a9dc16a7",
            "location": "us-central1",
            "logging_config": [
              {
                "enable_components": [
                  "SYSTEM_COMPONENTS",
                  "WORKLOADS"
                ]
              }
            ],
            "logging_service": "logging.googleapis.com/kubernetes",
            "maintenance_policy": [],
            "master_auth": [
              {
                "client_certificate": "",
                "client_certificate_config": [
                  {
                    "issue_client_certificate": false
                  }
                ],
                "client_key": "",
                "cluster_ca_certificate": "LS0tLS1CRUdJTiBDRVJUSUZJQ0FURS0tLS0tCk1JSUVMVENDQXBXZ0F3SUJBZ0lSQUt6WkQwUjlvUTV5ZEJTMGhWRGFCUDB3RFFZSktvWklodmNOQVFFTEJRQXcKTHpFdE1Dc0dBMVVFQXhNa1pqQXdPVFJoWTJVdE16VTNOQzAwWWpRekxUazJaRGd0T1RoaU16RTROVFU1WVdJdwpNQ0FYRFRJek1EWXlNVEE0TkRnd09Wb1lEekl3TlRNd05qRXpNRGswT0RBNVdqQXZNUzB3S3dZRFZRUURFeVJtCk1EQTVOR0ZqWlMwek5UYzBMVFJpTkRNdE9UWmtPQzA1T0dJek1UZzFOVGxoWWpBd2dnR2lNQTBHQ1NxR1NJYjMKRFFFQkFRVUFBNElCandBd2dnR0tBb0lCZ1FERWtHVnZyZnNvTjltR2wzTUp5RWVoQU9NVGpoWHloR0VRQnZXbApkdU9wbklHK1A2R05xWU5xQzFZZEJUcFN2MEUxWElCRnUvMkx4OXo4QlowbVZRai91OXFTWDlTRFJxNnZHM3F0CmUzNXR1L213WlVCQVVpM3Bwa09Pa0hCeXNsdGhHOEcwTWE0TUVCRE15RTA1Y3JrSkNFeVI0cTgrd0VJYWlwanQKTmp3UUp2S2lHUjh3NG02SlVsc1ZLZG44SGJoT3BDRXh5SnhEcWZmVmlYMWt2bEhyYVEwZkZLWmd1SEsxejdCbgp2b0VRSmVTVmNQZFh5RFQ0QUx0ZG1LVXJDQ0RoUXcxUERsUTNyMHQxalBaWnVTenc0RTgvd2FlM0oycWoyYytpCk4wWHp0Tk5JWE9aUU1ZV3g0Um1ndFBzRlFXK2JxZytWbzZ1aHpIeGNLeVJRT0NKcStqbWhkMC9oL2dBU0ZpcEIKbVJscTRnU1Bka3BsUVZIeWovT0NKUHRvbFRBcUMvTGt6WDJLekVKMjE5UUtmZUIvNit6bHBuTzlnZXhpOXR4bQpVOUR0SXRUZlV1K0xzclVLTVNMRy9jK1p6UnYyaXVmMFdwWWVYQisrdFRhRk1TSU51MFR2VXR1WUlzc2N1TEx5CkFuMFVWNUgxYmRvWlRTR0lDdW1yYkNsbElNVUNBd0VBQWFOQ01FQXdEZ1lEVlIwUEFRSC9CQVFEQWdJRU1BOEcKQTFVZEV3RUIvd1FGTUFNQkFmOHdIUVlEVlIwT0JCWUVGRGdKOG5ONzNtME11NkQwcnNCOXppM1liSXcxTUEwRwpDU3FHU0liM0RRRUJDd1VBQTRJQmdRQ3pYMmppa2Vla2xYNHR6VGVJdmpIWFROQXBFMjdacDVET3l5ZmhkRkZkCmZ1RTdyQjhwOG0yeWJIUkRUK2tiV2pkRWJuYVNaS0FFem5rVmlXMWdYRzhsbFZSZGIwc1lkdXh5WmR4MDRnK1oKWnZZR2lRMUtSWlpIdkl4L2dZYk1Vek5jSlZvQ0RTeEhEYUlsbW5XLzE0SnA1Q2pGRmlxVHFOblI5WklkaGVRNQpJb0VEcjhCZkwxZkIyOW9XYUFFYys4aWlBdC9keUo1WlY3NGFqN0tzQUVrTG5hTlk2bFEzUEhrOVZKK2w4SU9nClMzVWNCd3V2MC9TTDk3eXV5QXZIR0N4UWNWb05Dd0JCWXE5VlM4TmpwNUNaRGdac3lOSEsxakV5YUJNUm1xRHIKTEY3WVpaTS9DVVdhYTVEZFJUTnVJY0JoUjZaVXlCNC9pTjVneHBDZ1BqZ3MvKy9Zd05ZUy90SFhLY2VJckxITApRcm14S1JlV2EvMzhOWmV5elZxN1BJOEZrTU4rK3pOc0J3WnlrUDRBc2dDQStaM2NyajhsWmlIWGZ5QlMwWlduCkhveEg0WW5hamIxL0RHWG43Nk9VTTg2b2MwcUwyK1QvNkNieWpCVmdPbTBUL0xZZDFxNEFDOUtqQUlKNm8xUy8KRjNkYnNZRjIvMzhraEk2ZUhPbHIvN1E9Ci0tLS0tRU5EIENFUlRJRklDQVRFLS0tLS0K"
              }
            ],
            "master_authorized_networks_config": [],
            "master_version": "1.25.8-gke.500",
            "min_master_version": null,
            "monitoring_config": [
              {
                "enable_components": [
                  "SYSTEM_COMPONENTS"
                ]
              }
            ],
            "monitoring_service": "monitoring.googleapis.com/kubernetes",
            "name": "kbe-rest-brewery-gke",
            "network": "projects/kbe-rest-brewery/global/networks/kbe-rest-brewery-vpc",
            "network_policy": [
              {
                "enabled": false,
                "provider": "PROVIDER_UNSPECIFIED"
              }
            ],
            "networking_mode": "ROUTES",
            "node_config": [],
            "node_locations": [
              "us-central1-a",
              "us-central1-b",
              "us-central1-f"
            ],
            "node_pool": [],
            "node_version": "1.25.8-gke.500",
            "operation": null,
            "private_cluster_config": [
              {
                "enable_private_endpoint": false,
                "enable_private_nodes": false,
                "master_global_access_config": [
                  {
                    "enabled": false
                  }
                ],
                "master_ipv4_cidr_block": "",
                "peering_name": "",
                "private_endpoint": "10.10.0.2",
                "public_endpoint": "34.123.198.199"
              }
            ],
            "private_ipv6_google_access": "",
            "project": "kbe-rest-brewery",
            "release_channel": [
              {
                "channel": "REGULAR"
              }
            ],
            "remove_default_node_pool": true,
            "resource_labels": null,
            "resource_usage_export_config": [],
            "self_link": "https://container.googleapis.com/v1/projects/kbe-rest-brewery/locations/us-central1/clusters/kbe-rest-brewery-gke",
            "services_ipv4_cidr": "10.51.240.0/20",
            "subnetwork": "projects/kbe-rest-brewery/regions/us-central1/subnetworks/kbe-rest-brewery-subnet",
            "timeouts": null,
            "tpu_ipv4_cidr_block": "",
            "vertical_pod_autoscaling": [],
            "workload_identity_config": []
          },
          "sensitive_attributes": [],
          "private": "eyJlMmJmYjczMC1lY2FhLTExZTYtOGY4OC0zNDM2M2JjN2M0YzAiOnsiY3JlYXRlIjoyNDAwMDAwMDAwMDAwLCJkZWxldGUiOjI0MDAwMDAwMDAwMDAsInJlYWQiOjI0MDAwMDAwMDAwMDAsInVwZGF0ZSI6MzYwMDAwMDAwMDAwMH0sInNjaGVtYV92ZXJzaW9uIjoiMSJ9",
          "dependencies": [
            "google_compute_network.vpc",
            "google_compute_subnetwork.subnet"
          ]
        }
      ]
    },
    {
      "mode": "managed",
      "type": "google_container_node_pool",
      "name": "primary_nodes",
      "provider": "provider[\"registry.terraform.io/hashicorp/google\"]",
      "instances": [
        {
          "schema_version": 1,
          "attributes": {
            "autoscaling": [],
            "cluster": "kbe-rest-brewery-gke",
            "id": "projects/kbe-rest-brewery/locations/us-central1/clusters/kbe-rest-brewery-gke/nodePools/kbe-rest-brewery-gke",
            "initial_node_count": 1,
            "instance_group_urls": [
              "https://www.googleapis.com/compute/v1/projects/kbe-rest-brewery/zones/us-central1-f/instanceGroupManagers/gke-kbe-rest-brewery-kbe-rest-brewery-aee644ff-grp",
              "https://www.googleapis.com/compute/v1/projects/kbe-rest-brewery/zones/us-central1-b/instanceGroupManagers/gke-kbe-rest-brewery-kbe-rest-brewery-2729968c-grp",
              "https://www.googleapis.com/compute/v1/projects/kbe-rest-brewery/zones/us-central1-a/instanceGroupManagers/gke-kbe-rest-brewery-kbe-rest-brewery-48cf5594-grp"
            ],
            "location": "us-central1",
            "managed_instance_group_urls": [
              "https://www.googleapis.com/compute/v1/projects/kbe-rest-brewery/zones/us-central1-f/instanceGroups/gke-kbe-rest-brewery-kbe-rest-brewery-aee644ff-grp",
              "https://www.googleapis.com/compute/v1/projects/kbe-rest-brewery/zones/us-central1-b/instanceGroups/gke-kbe-rest-brewery-kbe-rest-brewery-2729968c-grp",
              "https://www.googleapis.com/compute/v1/projects/kbe-rest-brewery/zones/us-central1-a/instanceGroups/gke-kbe-rest-brewery-kbe-rest-brewery-48cf5594-grp"
            ],
            "management": [
              {
                "auto_repair": true,
                "auto_upgrade": true
              }
            ],
            "max_pods_per_node": null,
            "name": "kbe-rest-brewery-gke",
            "name_prefix": "",
            "node_config": [
              {
                "boot_disk_kms_key": "",
                "disk_size_gb": 100,
                "disk_type": "pd-balanced",
                "gcfs_config": [],
                "guest_accelerator": [],
                "gvnic": [],
                "image_type": "COS_CONTAINERD",
                "labels": {
                  "env": "kbe-rest-brewery"
                },
                "local_ssd_count": 0,
                "machine_type": "n1-standard-1",
                "metadata": {
                  "disable-legacy-endpoints": "true"
                },
                "min_cpu_platform": "",
                "node_group": "",
                "oauth_scopes": [
                  "https://www.googleapis.com/auth/logging.write",
                  "https://www.googleapis.com/auth/monitoring"
                ],
                "preemptible": false,
                "service_account": "default",
                "shielded_instance_config": [
                  {
                    "enable_integrity_monitoring": true,
                    "enable_secure_boot": false
                  }
                ],
                "spot": false,
                "tags": [
                  "gke-node",
                  "kbe-rest-brewery-gke"
                ],
                "taint": [],
                "workload_metadata_config": []
              }
            ],
            "node_count": 1,
            "node_locations": [
              "us-central1-a",
              "us-central1-b",
              "us-central1-f"
            ],
            "operation": null,
            "project": "kbe-rest-brewery",
            "timeouts": null,
            "upgrade_settings": [
              {
                "max_surge": 1,
                "max_unavailable": 0
              }
            ],
            "version": "1.25.8-gke.500"
          },
          "sensitive_attributes": [],
          "private": "eyJlMmJmYjczMC1lY2FhLTExZTYtOGY4OC0zNDM2M2JjN2M0YzAiOnsiY3JlYXRlIjoxODAwMDAwMDAwMDAwLCJkZWxldGUiOjE4MDAwMDAwMDAwMDAsInVwZGF0ZSI6MTgwMDAwMDAwMDAwMH0sInNjaGVtYV92ZXJzaW9uIjoiMSJ9",
          "dependencies": [
            "google_compute_network.vpc",
            "google_compute_subnetwork.subnet",
            "google_container_cluster.primary"
          ]
        }
      ]
    }
  ],
  "check_results": null
}
