{
  "version": 4,
  "terraform_version": "1.3.9",
  "serial": 42,
  "lineage": "88c27e66-adad-36a3-2472-47906451d43c",
  "outputs": {
    "kubernetes_cluster_host": {
      "value": "34.170.74.9",
      "type": "string"
    },
    "kubernetes_cluster_name": {
      "value": "sfg-beer-works-gke",
      "type": "string"
    },
    "project_id": {
      "value": "sfg-beer-works",
      "type": "string"
    },
    "region": {
      "value": "us-central1",
      "type": "string"
    }
  },
  "resources": [
    {
      "mode": "managed",
      "type": "google_compute_network",
      "name": "vpc",
      "provider": "provider[\"registry.terraform.io/hashicorp/google\"]",
      "instances": [
        {
          "schema_version": 0,
          "attributes": {
            "auto_create_subnetworks": false,
            "delete_default_routes_on_create": false,
            "description": "",
            "enable_ula_internal_ipv6": false,
            "gateway_ipv4": "",
            "id": "projects/sfg-beer-works/global/networks/sfg-beer-works-vpc",
            "internal_ipv6_range": "",
            "mtu": 0,
            "name": "sfg-beer-works-vpc",
            "project": "sfg-beer-works",
            "routing_mode": "REGIONAL",
            "self_link": "https://www.googleapis.com/compute/v1/projects/sfg-beer-works/global/networks/sfg-beer-works-vpc",
            "timeouts": null
          },
          "sensitive_attributes": [],
          "private": "eyJlMmJmYjczMC1lY2FhLTExZTYtOGY4OC0zNDM2M2JjN2M0YzAiOnsiY3JlYXRlIjoxMjAwMDAwMDAwMDAwLCJkZWxldGUiOjEyMDAwMDAwMDAwMDAsInVwZGF0ZSI6MTIwMDAwMDAwMDAwMH19"
        }
      ]
    },
    {
      "mode": "managed",
      "type": "google_compute_subnetwork",
      "name": "subnet",
      "provider": "provider[\"registry.terraform.io/hashicorp/google\"]",
      "instances": [
        {
          "schema_version": 0,
          "attributes": {
            "creation_timestamp": "2023-06-21T11:15:14.909-07:00",
            "description": "",
            "external_ipv6_prefix": "",
            "fingerprint": null,
            "gateway_address": "10.10.0.1",
            "id": "projects/sfg-beer-works/regions/us-central1/subnetworks/sfg-beer-works-subnet",
            "ip_cidr_range": "10.10.0.0/24",
            "ipv6_access_type": "",
            "ipv6_cidr_range": "",
            "log_config": [],
            "name": "sfg-beer-works-subnet",
            "network": "https://www.googleapis.com/compute/v1/projects/sfg-beer-works/global/networks/sfg-beer-works-vpc",
            "private_ip_google_access": false,
            "private_ipv6_google_access": "DISABLE_GOOGLE_ACCESS",
            "project": "sfg-beer-works",
            "purpose": "PRIVATE",
            "region": "us-central1",
            "role": "",
            "secondary_ip_range": [],
            "self_link": "https://www.googleapis.com/compute/v1/projects/sfg-beer-works/regions/us-central1/subnetworks/sfg-beer-works-subnet",
            "stack_type": "IPV4_ONLY",
            "timeouts": null
          },
          "sensitive_attributes": [],
          "private": "eyJlMmJmYjczMC1lY2FhLTExZTYtOGY4OC0zNDM2M2JjN2M0YzAiOnsiY3JlYXRlIjoxMjAwMDAwMDAwMDAwLCJkZWxldGUiOjEyMDAwMDAwMDAwMDAsInVwZGF0ZSI6MTIwMDAwMDAwMDAwMH19",
          "dependencies": [
            "google_compute_network.vpc"
          ]
        }
      ]
    },
    {
      "mode": "managed",
      "type": "google_container_cluster",
      "name": "primary",
      "provider": "provider[\"registry.terraform.io/hashicorp/google\"]",
      "instances": [
        {
          "schema_version": 1,
          "attributes": {
            "addons_config": [
              {
                "cloudrun_config": [],
                "gcp_filestore_csi_driver_config": [],
                "horizontal_pod_autoscaling": [],
                "http_load_balancing": [],
                "network_policy_config": [
                  {
                    "disabled": true
                  }
                ]
              }
            ],
            "authenticator_groups_config": [],
            "cluster_autoscaling": [
              {
                "auto_provisioning_defaults": [],
                "enabled": false,
                "resource_limits": []
              }
            ],
            "cluster_ipv4_cidr": "10.28.0.0/14",
            "confidential_nodes": [],
            "database_encryption": [
              {
                "key_name": "",
                "state": "DECRYPTED"
              }
            ],
            "datapath_provider": "",
            "default_max_pods_per_node": null,
            "default_snat_status": [
              {
                "disabled": false
              }
            ],
            "description": "",
            "dns_config": [],
            "enable_autopilot": false,
            "enable_binary_authorization": false,
            "enable_intranode_visibility": false,
            "enable_kubernetes_alpha": false,
            "enable_legacy_abac": false,
            "enable_shielded_nodes": true,
            "enable_tpu": false,
            "endpoint": "34.170.74.9",
            "id": "projects/sfg-beer-works/locations/us-central1/clusters/sfg-beer-works-gke",
            "initial_node_count": 1,
            "ip_allocation_policy": [],
            "label_fingerprint": "a9dc16a7",
            "location": "us-central1",
            "logging_config": [
              {
                "enable_components": [
                  "SYSTEM_COMPONENTS",
                  "WORKLOADS"
                ]
              }
            ],
            "logging_service": "logging.googleapis.com/kubernetes",
            "maintenance_policy": [],
            "master_auth": [
              {
                "client_certificate": "",
                "client_certificate_config": [
                  {
                    "issue_client_certificate": false
                  }
                ],
                "client_key": "",
                "cluster_ca_certificate": "LS0tLS1CRUdJTiBDRVJUSUZJQ0FURS0tLS0tCk1JSUVMVENDQXBXZ0F3SUJBZ0lSQVA5L0lSVkgybmlXeW1KRnVRTFJMeFl3RFFZSktvWklodmNOQVFFTEJRQXcKTHpFdE1Dc0dBMVVFQXhNa056Y3daVEl6TlRBdE1XVXlPQzAwTURJeUxUazVaREV0TlRnMFlUSTRZVEZpTmpNNQpNQ0FYRFRJek1EWXlNVEUzTVRVeU9Wb1lEekl3TlRNd05qRXpNVGd4TlRJNVdqQXZNUzB3S3dZRFZRUURFeVEzCk56QmxNak0xTUMweFpUSTRMVFF3TWpJdE9UbGtNUzAxT0RSaE1qaGhNV0kyTXprd2dnR2lNQTBHQ1NxR1NJYjMKRFFFQkFRVUFBNElCandBd2dnR0tBb0lCZ1FDU3RBc1Zsb09EUFR2MVp4cGNWcDJ1K3hPdFhhUmZmeEZmV3FUWgpXejZ6cGJOK3NKRVN1QldySFZMcUkrWmcwaFR3K0k1aEZSdHpsQUpGMVRHdUhpMzBuL0FyM21UNHZ2RXF4S2RMCkZVZEJBdnhHV2VZa3AzYmR3WGZxQ3RQWFo2a3ZxajlJRmRReWJyR0t0QkVlWDZmeGorS2ZyVWM3NWlHeGJYdlQKY250bDRwRWNTNjdQcE1YRTl3ejF4VTM4bjdXalFwQXEyeDBEbzdoT2c2NmRJZDkxaStBRzU4SURxWGhWUSs3dgpaUWM4Z0lDd0htazl2L0RVNGhJRVRDc05NUmdJVEp0SHBzNTBmUFFmYmRwSU1UQVJ0cFZ5MytPQjNnVjdSN2JWClJLN2F1YjZvWDdRT2hETmpjQkVlbzFqQmJMWWJ1S3cyd09sZjE4WXZvd0hFeFdxYmEySWZqMURrTUpOK3V6aGUKdk4yeHVndjgwOVlXSjN3aldLK3Z2eHY3UVhUd2h2bHEzM05FYm11NmJ5bEthb093Q1Z6TXUySVM0bGdpQlAwRQpPQXg5VEw3cDVCNEJBVUhRRTMrT1JvYUExbHc0V1ZwTFk2d0JFMkczRUU3ZEhLTGhtUlkySVkxRTBDTHNCTkVCCnREOTdoZytlUXBJSTcvZTVtbTNiRlZwZFc3c0NBd0VBQWFOQ01FQXdEZ1lEVlIwUEFRSC9CQVFEQWdJRU1BOEcKQTFVZEV3RUIvd1FGTUFNQkFmOHdIUVlEVlIwT0JCWUVGQUlVMmFLNXprUkpCb0tsdlZ2dnRidXhyNDN3TUEwRwpDU3FHU0liM0RRRUJDd1VBQTRJQmdRQkc4cHlqenEyVVQ5eTNaTG5IV1Y0MXN1VGRMVnZ0U0JFemhFMUNwUjhaCjhJNGFDdUhtUy82UFdqbWFHRk43bHpUelRNQmVheEt0dEZGR0svS3JkZlJtOUc2d1dTYXBTb0pIbWtTNzZWWFMKU013MVduQUtsdzF3eXdPU1FkbDN5a3pMWmdRZCt3SkNpaW4ycjR0Q2NEYnhrZjl5a2FYRVZsc1JtN2E1WURXUAowanhrRUJJa2txMHhuWWpidjk3S2FJR0lZVnVYYktKMTVKdnp0Smxhc3NVdUYzWnRJTTkrL21UMlNuK05tTHRkCis2WXZxUlZmVGFCeE15YTZULzJHS24rT0JGVHZ4U1BHNEFJL3M0U3NWelZnRjJmdDdDR1YrMkN0azluS2VwNFkKLzlWYk05d3dvdU1mNnJwYktyZHJ2VDk0WTVRTkIvSDNXTTJaQXMxbTRlWXVNeEF4Sm44ZER3OUJOMUFDY2ZNbQprem03L2xXczV2eGlQOXNHZloxK2xoVzdqM0V0cUJPRjE5WFg5U2FQVWZxc1ZLcmVRZHZPMmFDWU9lU0pZSTJBCjgwMFZ1TkNEUnZLT3hFS2pLRGJjY0d4TTBjYThCY1psY2h4VCtCZDdRb0tEaWxjcTR4SVJjZXRZTnZ4RExUNUQKZlBHczd5d0JxUVNGZnJJVDVqYjhUWEU9Ci0tLS0tRU5EIENFUlRJRklDQVRFLS0tLS0K"
              }
            ],
            "master_authorized_networks_config": [],
            "master_version": "1.25.8-gke.500",
            "min_master_version": null,
            "monitoring_config": [
              {
                "enable_components": [
                  "SYSTEM_COMPONENTS"
                ]
              }
            ],
            "monitoring_service": "monitoring.googleapis.com/kubernetes",
            "name": "sfg-beer-works-gke",
            "network": "projects/sfg-beer-works/global/networks/sfg-beer-works-vpc",
            "network_policy": [
              {
                "enabled": false,
                "provider": "PROVIDER_UNSPECIFIED"
              }
            ],
            "networking_mode": "ROUTES",
            "node_config": [],
            "node_locations": [
              "us-central1-a",
              "us-central1-b",
              "us-central1-f"
            ],
            "node_pool": [],
            "node_version": "1.25.8-gke.500",
            "operation": null,
            "private_cluster_config": [
              {
                "enable_private_endpoint": false,
                "enable_private_nodes": false,
                "master_global_access_config": [
                  {
                    "enabled": false
                  }
                ],
                "master_ipv4_cidr_block": "",
                "peering_name": "",
                "private_endpoint": "10.10.0.2",
                "public_endpoint": "34.170.74.9"
              }
            ],
            "private_ipv6_google_access": "",
            "project": "sfg-beer-works",
            "release_channel": [
              {
                "channel": "REGULAR"
              }
            ],
            "remove_default_node_pool": true,
            "resource_labels": null,
            "resource_usage_export_config": [],
            "self_link": "https://container.googleapis.com/v1/projects/sfg-beer-works/locations/us-central1/clusters/sfg-beer-works-gke",
            "services_ipv4_cidr": "10.31.240.0/20",
            "subnetwork": "projects/sfg-beer-works/regions/us-central1/subnetworks/sfg-beer-works-subnet",
            "timeouts": null,
            "tpu_ipv4_cidr_block": "",
            "vertical_pod_autoscaling": [],
            "workload_identity_config": []
          },
          "sensitive_attributes": [],
          "private": "eyJlMmJmYjczMC1lY2FhLTExZTYtOGY4OC0zNDM2M2JjN2M0YzAiOnsiY3JlYXRlIjoyNDAwMDAwMDAwMDAwLCJkZWxldGUiOjI0MDAwMDAwMDAwMDAsInJlYWQiOjI0MDAwMDAwMDAwMDAsInVwZGF0ZSI6MzYwMDAwMDAwMDAwMH0sInNjaGVtYV92ZXJzaW9uIjoiMSJ9",
          "dependencies": [
            "google_compute_network.vpc",
            "google_compute_subnetwork.subnet"
          ]
        }
      ]
    },
    {
      "mode": "managed",
      "type": "google_container_node_pool",
      "name": "primary_nodes",
      "provider": "provider[\"registry.terraform.io/hashicorp/google\"]",
      "instances": [
        {
          "schema_version": 1,
          "attributes": {
            "autoscaling": [],
            "cluster": "sfg-beer-works-gke",
            "id": "projects/sfg-beer-works/locations/us-central1/clusters/sfg-beer-works-gke/nodePools/sfg-beer-works-gke",
            "initial_node_count": 1,
            "instance_group_urls": [
              "https://www.googleapis.com/compute/v1/projects/sfg-beer-works/zones/us-central1-b/instanceGroupManagers/gke-sfg-beer-works-g-sfg-beer-works-g-e1c12140-grp",
              "https://www.googleapis.com/compute/v1/projects/sfg-beer-works/zones/us-central1-a/instanceGroupManagers/gke-sfg-beer-works-g-sfg-beer-works-g-c373c9d2-grp",
              "https://www.googleapis.com/compute/v1/projects/sfg-beer-works/zones/us-central1-f/instanceGroupManagers/gke-sfg-beer-works-g-sfg-beer-works-g-e1f1a1a9-grp"
            ],
            "location": "us-central1",
            "managed_instance_group_urls": [
              "https://www.googleapis.com/compute/v1/projects/sfg-beer-works/zones/us-central1-b/instanceGroups/gke-sfg-beer-works-g-sfg-beer-works-g-e1c12140-grp",
              "https://www.googleapis.com/compute/v1/projects/sfg-beer-works/zones/us-central1-a/instanceGroups/gke-sfg-beer-works-g-sfg-beer-works-g-c373c9d2-grp",
              "https://www.googleapis.com/compute/v1/projects/sfg-beer-works/zones/us-central1-f/instanceGroups/gke-sfg-beer-works-g-sfg-beer-works-g-e1f1a1a9-grp"
            ],
            "management": [
              {
                "auto_repair": true,
                "auto_upgrade": true
              }
            ],
            "max_pods_per_node": null,
            "name": "sfg-beer-works-gke",
            "name_prefix": "",
            "node_config": [
              {
                "boot_disk_kms_key": "",
                "disk_size_gb": 100,
                "disk_type": "pd-balanced",
                "gcfs_config": [],
                "guest_accelerator": [],
                "gvnic": [],
                "image_type": "COS_CONTAINERD",
                "labels": {
                  "env": "sfg-beer-works"
                },
                "local_ssd_count": 0,
                "machine_type": "n1-standard-1",
                "metadata": {
                  "disable-legacy-endpoints": "true"
                },
                "min_cpu_platform": "",
                "node_group": "",
                "oauth_scopes": [
                  "https://www.googleapis.com/auth/logging.write",
                  "https://www.googleapis.com/auth/monitoring"
                ],
                "preemptible": false,
                "service_account": "default",
                "shielded_instance_config": [
                  {
                    "enable_integrity_monitoring": true,
                    "enable_secure_boot": false
                  }
                ],
                "spot": false,
                "tags": [
                  "gke-node",
                  "sfg-beer-works-gke"
                ],
                "taint": [],
                "workload_metadata_config": []
              }
            ],
            "node_count": 1,
            "node_locations": [
              "us-central1-a",
              "us-central1-b",
              "us-central1-f"
            ],
            "operation": null,
            "project": "sfg-beer-works",
            "timeouts": null,
            "upgrade_settings": [
              {
                "max_surge": 1,
                "max_unavailable": 0
              }
            ],
            "version": "1.25.8-gke.500"
          },
          "sensitive_attributes": [],
          "private": "eyJlMmJmYjczMC1lY2FhLTExZTYtOGY4OC0zNDM2M2JjN2M0YzAiOnsiY3JlYXRlIjoxODAwMDAwMDAwMDAwLCJkZWxldGUiOjE4MDAwMDAwMDAwMDAsInVwZGF0ZSI6MTgwMDAwMDAwMDAwMH0sInNjaGVtYV92ZXJzaW9uIjoiMSJ9",
          "dependencies": [
            "google_compute_network.vpc",
            "google_compute_subnetwork.subnet",
            "google_container_cluster.primary"
          ]
        }
      ]
    }
  ],
  "check_results": null
}
